{
  "requires": true,
  "lockfileVersion": 1,
  "dependencies": {
    "@types/createjs": {
      "version": "0.0.29",
      "resolved": "https://registry.npmjs.org/@types/createjs/-/createjs-0.0.29.tgz",
      "integrity": "sha1-TRmw/qo4JS3NedeKOKTMbfPxgfw=",
      "requires": {
        "@types/createjs-lib": "0.0.29",
        "@types/easeljs": "1.0.0",
        "@types/preloadjs": "0.6.32",
        "@types/soundjs": "0.6.27",
        "@types/tweenjs": "0.6.27"
      }
    },
    "@types/createjs-lib": {
      "version": "0.0.29",
      "resolved": "https://registry.npmjs.org/@types/createjs-lib/-/createjs-lib-0.0.29.tgz",
      "integrity": "sha1-+uguO6hgZmOxkOeJzsfZxyj8Qdc="
    },
    "@types/easeljs": {
      "version": "1.0.0",
      "resolved": "https://registry.npmjs.org/@types/easeljs/-/easeljs-1.0.0.tgz",
      "integrity": "sha512-DkhxqkgylaZGeuod35MCiv1Rix8GnBGv+URRBZt4rsMvhyi7Iap6SZbeEN5bD3b8BXHozHEKB/to9ohUDr3GIA==",
      "requires": {
        "@types/createjs-lib": "0.0.29",
        "@types/tweenjs": "0.6.27"
      }
    },
    "@types/preloadjs": {
      "version": "0.6.32",
      "resolved": "https://registry.npmjs.org/@types/preloadjs/-/preloadjs-0.6.32.tgz",
      "integrity": "sha1-Es/3x/kuODingNQ4zknIzsmBgw0=",
      "requires": {
        "@types/createjs-lib": "0.0.29"
      }
    },
    "@types/soundjs": {
      "version": "0.6.27",
      "resolved": "https://registry.npmjs.org/@types/soundjs/-/soundjs-0.6.27.tgz",
      "integrity": "sha1-3SNwNQ6vcnfeXtVZQOPn0qAWsSQ=",
      "requires": {
        "@types/createjs-lib": "0.0.29",
        "@types/preloadjs": "0.6.32"
      }
    },
    "@types/tweenjs": {
      "version": "0.6.27",
      "resolved": "https://registry.npmjs.org/@types/tweenjs/-/tweenjs-0.6.27.tgz",
      "integrity": "sha1-jdisx/Sr7o+St2krrnbZzo8d1gc=",
      "requires": {
        "@types/createjs-lib": "0.0.29"
      }
    },
    "systemjs": {
      "version": "0.21.2",
      "resolved": "https://registry.npmjs.org/systemjs/-/systemjs-0.21.2.tgz",
      "integrity": "sha512-jWyrotOEF5g/ofWVRUIQddGt92XU59jsIaFiQ73TIMyjDuEjhSrXKI4y2a29FtMkqHksDH9wHXPCWiZKH/A2gA=="
    }
  }
}
